
Microsoft Visual Studio Solution File, Format Version 12.00
# Visual Studio Version 17
VisualStudioVersion = 17.12.35527.113 d17.12
MinimumVisualStudioVersion = 10.0.40219.1
Project("{FAE04EC0-301F-11D3-BF4B-00C04F79EFBC}") = "MinMemsPlugin", "MinMemsPlugin.csproj", "{A0C704EE-A0E8-45A0-9C5D-35FBD9A7397A}"
EndProject
Global
	GlobalSection(SolutionConfigurationPlatforms) = preSolution
		Debug|Any CPU = Debug|Any CPU
		Release|Any CPU = Release|Any CPU
	EndGlobalSection
	GlobalSection(ProjectConfigurationPlatforms) = postSolution
		{A0C704EE-A0E8-45A0-9C5D-35FBD9A7397A}.Debug|Any CPU.ActiveCfg = Debug|Any CPU
		{A0C704EE-A0E8-45A0-9C5D-35FBD9A7397A}.Debug|Any CPU.Build.0 = Debug|Any CPU
		{A0C704EE-A0E8-45A0-9C5D-35FBD9A7397A}.Release|Any CPU.ActiveCfg = Release|Any CPU
		{A0C704EE-A0E8-45A0-9C5D-35FBD9A7397A}.Release|Any CPU.Build.0 = Release|Any CPU
	EndGlobalSection
	GlobalSection(SolutionProperties) = preSolution
		HideSolutionNode = FALSE
	EndGlobalSection
EndGlobal
